// !$*UTF8*$!
{
	archiveVersion = 1;
	classes = {
	};
	objectVersion = 56;
	objects = {

/* Begin PBXBuildFile section */
		1000000000000000000000C0 /* DadJokeApp.swift in Sources */ = {isa = PBXBuildFile; fileRef = 1000000000000000000000B0 /* DadJokeApp.swift */; };
		1000000000000000000000C1 /* ContentView.swift in Sources */ = {isa = PBXBuildFile; fileRef = 1000000000000000000000B1 /* ContentView.swift */; };
		1000000000000000000000C2 /* Jokes.swift in Sources */ = {isa = PBXBuildFile; fileRef = 1000000000000000000000B2 /* Jokes.swift */; };
		1000000000000000000000C3 /* Assets.xcassets in Resources */ = {isa = PBXBuildFile; fileRef = 1000000000000000000000B3 /* Assets.xcassets */; };
		1000000000000000000000C4 /* PythonRuntime in Resources */ = {isa = PBXBuildFile; fileRef = 1000000000000000000000B4 /* PythonRuntime */; };
		1000000000000000000000C5 /* PiperVoice in Resources */ = {isa = PBXBuildFile; fileRef = 1000000000000000000000B5 /* PiperVoice */; };
		1000000000000000000000C6 /* speak.py in Resources */ = {isa = PBXBuildFile; fileRef = 1000000000000000000000B6 /* speak.py */; };
		1000000000000000000000C7 /* PiperSpeaker.swift in Sources */ = {isa = PBXBuildFile; fileRef = 1000000000000000000000B8 /* PiperSpeaker.swift */; };
		1000000000000000000000C8 /* WindowConfigurator.swift in Sources */ = {isa = PBXBuildFile; fileRef = 1000000000000000000000B9 /* WindowConfigurator.swift */; };
		1000000000000000000000C9 /* PlaybackModeToggle.swift in Sources */ = {isa = PBXBuildFile; fileRef = 1000000000000000000000BA /* PlaybackModeToggle.swift */; };
/* End PBXBuildFile section */

/* Begin PBXFileReference section */
		1000000000000000000000A5 /* DadJoke.app */ = {isa = PBXFileReference; explicitFileType = wrapper.application; includeInIndex = 0; path = DadJoke.app; sourceTree = BUILT_PRODUCTS_DIR; };
		1000000000000000000000B0 /* DadJokeApp.swift */ = {isa = PBXFileReference; lastKnownFileType = sourcecode.swift; path = DadJokeApp.swift; sourceTree = "<group>"; };
		1000000000000000000000B1 /* ContentView.swift */ = {isa = PBXFileReference; lastKnownFileType = sourcecode.swift; path = ContentView.swift; sourceTree = "<group>"; };
		1000000000000000000000B2 /* Jokes.swift */ = {isa = PBXFileReference; lastKnownFileType = sourcecode.swift; path = Jokes.swift; sourceTree = "<group>"; };
		1000000000000000000000B3 /* Assets.xcassets */ = {isa = PBXFileReference; lastKnownFileType = folder.assetcatalog; path = Assets.xcassets; sourceTree = "<group>"; };
		1000000000000000000000B4 /* PythonRuntime */ = {isa = PBXFileReference; lastKnownFileType = folder; path = PythonRuntime; sourceTree = "<group>"; };
		1000000000000000000000B5 /* PiperVoice */ = {isa = PBXFileReference; lastKnownFileType = folder; path = PiperVoice; sourceTree = "<group>"; };
		1000000000000000000000B6 /* speak.py */ = {isa = PBXFileReference; lastKnownFileType = text.script.python; path = speak.py; sourceTree = "<group>"; };
		1000000000000000000000B8 /* PiperSpeaker.swift */ = {isa = PBXFileReference; lastKnownFileType = sourcecode.swift; path = PiperSpeaker.swift; sourceTree = "<group>"; };
		1000000000000000000000B9 /* WindowConfigurator.swift */ = {isa = PBXFileReference; lastKnownFileType = sourcecode.swift; path = WindowConfigurator.swift; sourceTree = "<group>"; };
		1000000000000000000000BA /* PlaybackModeToggle.swift */ = {isa = PBXFileReference; lastKnownFileType = sourcecode.swift; path = PlaybackModeToggle.swift; sourceTree = "<group>"; };
/* End PBXFileReference section */

/* Begin PBXFrameworksBuildPhase section */
		1000000000000000000000A7 /* Frameworks */ = {
			isa = PBXFrameworksBuildPhase;
			buildActionMask = 2147483647;
			files = (
			);
			runOnlyForDeploymentPostprocessing = 0;
		};
/* End PBXFrameworksBuildPhase section */

/* Begin PBXGroup section */
		1000000000000000000000A1 /* MainGroup */ = {
			isa = PBXGroup;
			children = (
				1000000000000000000000A3 /* DadJoke */,
				1000000000000000000000A2 /* Products */,
			);
			sourceTree = "<group>";
		};
		1000000000000000000000A2 /* Products */ = {
			isa = PBXGroup;
			children = (
				1000000000000000000000A5 /* DadJoke.app */,
			);
			name = Products;
			sourceTree = "<group>";
		};
		1000000000000000000000A3 /* DadJoke */ = {
			isa = PBXGroup;
			children = (
				1000000000000000000000B0 /* DadJokeApp.swift */,
				1000000000000000000000B1 /* ContentView.swift */,
				1000000000000000000000B2 /* Jokes.swift */,
				1000000000000000000000B8 /* PiperSpeaker.swift */,
				1000000000000000000000B9 /* WindowConfigurator.swift */,
				1000000000000000000000BA /* PlaybackModeToggle.swift */,
				1000000000000000000000B3 /* Assets.xcassets */,
				1000000000000000000000B7 /* Resources */,
			);
			path = DadJoke;
			sourceTree = "<group>";
		};
		1000000000000000000000B7 /* Resources */ = {
			isa = PBXGroup;
			children = (
				1000000000000000000000B4 /* PythonRuntime */,
				1000000000000000000000B5 /* PiperVoice */,
				1000000000000000000000B6 /* speak.py */,
			);
			path = Resources;
			sourceTree = "<group>";
		};
/* End PBXGroup section */

/* Begin PBXNativeTarget section */
		1000000000000000000000A4 /* DadJoke */ = {
			isa = PBXNativeTarget;
			buildConfigurationList = 1000000000000000000000AA /* Build configuration list for PBXNativeTarget "DadJoke" */;
			buildPhases = (
				1000000000000000000000A6 /* Sources */,
				1000000000000000000000A7 /* Frameworks */,
				1000000000000000000000A8 /* Resources */,
				1000000000000000000000D0 /* Codesign Embedded Python Runtime */,
			);
			buildRules = (
			);
			dependencies = (
			);
			name = DadJoke;
			productName = DadJoke;
			productReference = 1000000000000000000000A5 /* DadJoke.app */;
			productType = "com.apple.product-type.application";
		};
/* End PBXNativeTarget section */

/* Begin PBXProject section */
		1000000000000000000000A0 /* Project object */ = {
			isa = PBXProject;
			attributes = {
				BuildIndependentTargetsInParallel = 1;
				LastSwiftUpdateCheck = 1600;
				LastUpgradeCheck = 1600;
				TargetAttributes = {
					1000000000000000000000A4 = {
						CreatedOnToolsVersion = 16.0;
					};
				};
			};
			buildConfigurationList = 1000000000000000000000A9 /* Build configuration list for PBXProject "DadJoke" */;
			compatibilityVersion = "Xcode 14.0";
			developmentRegion = en;
			hasScannedForEncodings = 0;
			knownRegions = (
				en,
				Base,
			);
			mainGroup = 1000000000000000000000A1 /* MainGroup */;
			productRefGroup = 1000000000000000000000A2 /* Products */;
			projectDirPath = "";
			projectRoot = "";
			targets = (
				1000000000000000000000A4 /* DadJoke */,
			);
		};
/* End PBXProject section */

/* Begin PBXResourcesBuildPhase section */
		1000000000000000000000A8 /* Resources */ = {
			isa = PBXResourcesBuildPhase;
			buildActionMask = 2147483647;
			files = (
				1000000000000000000000C3 /* Assets.xcassets in Resources */,
				1000000000000000000000C4 /* PythonRuntime in Resources */,
				1000000000000000000000C5 /* PiperVoice in Resources */,
				1000000000000000000000C6 /* speak.py in Resources */,
			);
			runOnlyForDeploymentPostprocessing = 0;
		};
/* End PBXResourcesBuildPhase section */

/* Begin PBXShellScriptBuildPhase section */
		1000000000000000000000D0 /* Codesign Embedded Python Runtime */ = {
			isa = PBXShellScriptBuildPhase;
			buildActionMask = 2147483647;
			files = (
			);
			inputPaths = (
			);
			name = "Codesign Embedded Python Runtime";
			outputPaths = (
			);
			runOnlyForDeploymentPostprocessing = 0;
			shellPath = /bin/sh;
			shellScript = "RUNTIME_DIR=\"${BUILT_PRODUCTS_DIR}/${UNLOCALIZED_RESOURCES_FOLDER_PATH}/PythonRuntime\"\nif [ -d \"$RUNTIME_DIR\" ]; then\n  find \"$RUNTIME_DIR\" -type f \\( -perm -u+x -o -name \"*.dylib\" -o -name \"*.so\" -o -name \"*.ort\" \\) -print0 | while IFS= read -r -d '' f; do\n    if file \"$f\" | grep -q \"Mach-O\"; then\n      codesign --force --sign - --timestamp=none \"$f\"\n    fi\n  done\nfi\n";
		};
/* End PBXShellScriptBuildPhase section */

/* Begin PBXSourcesBuildPhase section */
		1000000000000000000000A6 /* Sources */ = {
			isa = PBXSourcesBuildPhase;
			buildActionMask = 2147483647;
			files = (
				1000000000000000000000C0 /* DadJokeApp.swift in Sources */,
				1000000000000000000000C1 /* ContentView.swift in Sources */,
				1000000000000000000000C2 /* Jokes.swift in Sources */,
				1000000000000000000000C7 /* PiperSpeaker.swift in Sources */,
				1000000000000000000000C8 /* WindowConfigurator.swift in Sources */,
				1000000000000000000000C9 /* PlaybackModeToggle.swift in Sources */,
			);
			runOnlyForDeploymentPostprocessing = 0;
		};
/* End PBXSourcesBuildPhase section */

/* Begin XCBuildConfiguration section */
		1000000000000000000000AB /* Debug */ = {
			isa = XCBuildConfiguration;
			buildSettings = {
				ALWAYS_SEARCH_USER_PATHS = NO;
				CLANG_ANALYZER_NONNULL = YES;
				CLANG_ANALYZER_NUMBER_OBJECT_CONVERSION = YES_AGGRESSIVE;
				CLANG_CXX_LANGUAGE_STANDARD = "gnu++20";
				CLANG_ENABLE_MODULES = YES;
				CLANG_ENABLE_OBJC_ARC = YES;
				CLANG_ENABLE_OBJC_WEAK = YES;
				CLANG_WARN_BLOCK_CAPTURE_AUTORELEASING = YES;
				CLANG_WARN_BOOL_CONVERSION = YES;
				CLANG_WARN_COMMA = YES;
				CLANG_WARN_CONSTANT_CONVERSION = YES;
				CLANG_WARN_DEPRECATED_OBJC_IMPLEMENTATIONS = YES;
				CLANG_WARN_DIRECT_OBJC_ISA_USAGE = YES_ERROR;
				CLANG_WARN_DOCUMENTATION_COMMENTS = YES;
				CLANG_WARN_EMPTY_BODY = YES;
				CLANG_WARN_ENUM_CONVERSION = YES;
				CLANG_WARN_INFINITE_RECURSION = YES;
				CLANG_WARN_INT_CONVERSION = YES;
				CLANG_WARN_NON_LITERAL_NULL_CONVERSION = YES;
				CLANG_WARN_OBJC_IMPLICIT_RETAIN_SELF = YES;
				CLANG_WARN_OBJC_LITERAL_CONVERSION = YES;
				CLANG_WARN_OBJC_ROOT_CLASS = YES_ERROR;
				CLANG_WARN_QUOTED_INCLUDE_IN_FRAMEWORK_HEADER = YES;
				CLANG_WARN_RANGE_LOOP_ANALYSIS = YES;
				CLANG_WARN_STRICT_PROTOTYPES = YES;
				CLANG_WARN_SUSPICIOUS_MOVE = YES;
				CLANG_WARN_UNGUARDED_AVAILABILITY = YES_AGGRESSIVE;
				CLANG_WARN_UNREACHABLE_CODE = YES;
				CLANG_WARN__DUPLICATE_METHOD_MATCH = YES;
				COPY_PHASE_STRIP = NO;
				DEBUG_INFORMATION_FORMAT = dwarf;
				ENABLE_STRICT_OBJC_MSGSEND = YES;
				ENABLE_TESTABILITY = YES;
				ENABLE_USER_SCRIPT_SANDBOXING = NO;
				GCC_C_LANGUAGE_STANDARD = gnu17;
				GCC_DYNAMIC_NO_PIC = NO;
				GCC_NO_COMMON_BLOCKS = YES;
				GCC_OPTIMIZATION_LEVEL = 0;
				GCC_PREPROCESSOR_DEFINITIONS = (
					"DEBUG=1",
					"$(inherited)",
				);
				GCC_WARN_64_TO_32_BIT_CONVERSION = YES;
				GCC_WARN_ABOUT_RETURN_TYPE = YES_ERROR;
				GCC_WARN_UNDECLARED_SELECTOR = YES;
				GCC_WARN_UNINITIALIZED_AUTOS = YES_AGGRESSIVE;
				GCC_WARN_UNUSED_FUNCTION = YES;
				GCC_WARN_UNUSED_VARIABLE = YES;
				MACOSX_DEPLOYMENT_TARGET = 26.0;
				MTL_ENABLE_DEBUG_INFO = INCLUDE_SOURCE;
				MTL_FAST_MATH = YES;
				ONLY_ACTIVE_ARCH = YES;
				SDKROOT = macosx;
				SWIFT_ACTIVE_COMPILATION_CONDITIONS = "DEBUG $(inherited)";
				SWIFT_OPTIMIZATION_LEVEL = "-Onone";
			};
			name = Debug;
		};
		1000000000000000000000AC /* Release */ = {
			isa = XCBuildConfiguration;
			buildSettings = {
				ALWAYS_SEARCH_USER_PATHS = NO;
				CLANG_ANALYZER_NONNULL = YES;
				CLANG_ANALYZER_NUMBER_OBJECT_CONVERSION = YES_AGGRESSIVE;
				CLANG_CXX_LANGUAGE_STANDARD = "gnu++20";
				CLANG_ENABLE_MODULES = YES;
				CLANG_ENABLE_OBJC_ARC = YES;
				CLANG_ENABLE_OBJC_WEAK = YES;
				CLANG_WARN_BLOCK_CAPTURE_AUTORELEASING = YES;
				CLANG_WARN_BOOL_CONVERSION = YES;
				CLANG_WARN_COMMA = YES;
				CLANG_WARN_CONSTANT_CONVERSION = YES;
				CLANG_WARN_DEPRECATED_OBJC_IMPLEMENTATIONS = YES;
				CLANG_WARN_DIRECT_OBJC_ISA_USAGE = YES_ERROR;
				CLANG_WARN_DOCUMENTATION_COMMENTS = YES;
				CLANG_WARN_EMPTY_BODY = YES;
				CLANG_WARN_ENUM_CONVERSION = YES;
				CLANG_WARN_INFINITE_RECURSION = YES;
				CLANG_WARN_INT_CONVERSION = YES;
				CLANG_WARN_NON_LITERAL_NULL_CONVERSION = YES;
				CLANG_WARN_OBJC_IMPLICIT_RETAIN_SELF = YES;
				CLANG_WARN_OBJC_LITERAL_CONVERSION = YES;
				CLANG_WARN_OBJC_ROOT_CLASS = YES_ERROR;
				CLANG_WARN_QUOTED_INCLUDE_IN_FRAMEWORK_HEADER = YES;
				CLANG_WARN_RANGE_LOOP_ANALYSIS = YES;
				CLANG_WARN_STRICT_PROTOTYPES = YES;
				CLANG_WARN_SUSPICIOUS_MOVE = YES;
				CLANG_WARN_UNGUARDED_AVAILABILITY = YES_AGGRESSIVE;
				CLANG_WARN_UNREACHABLE_CODE = YES;
				CLANG_WARN__DUPLICATE_METHOD_MATCH = YES;
				COPY_PHASE_STRIP = NO;
				DEBUG_INFORMATION_FORMAT = "dwarf-with-dsym";
				ENABLE_NS_ASSERTIONS = NO;
				ENABLE_STRICT_OBJC_MSGSEND = YES;
				ENABLE_USER_SCRIPT_SANDBOXING = NO;
				GCC_C_LANGUAGE_STANDARD = gnu17;
				GCC_NO_COMMON_BLOCKS = YES;
				GCC_WARN_64_TO_32_BIT_CONVERSION = YES;
				GCC_WARN_ABOUT_RETURN_TYPE = YES_ERROR;
				GCC_WARN_UNDECLARED_SELECTOR = YES;
				GCC_WARN_UNINITIALIZED_AUTOS = YES_AGGRESSIVE;
				GCC_WARN_UNUSED_FUNCTION = YES;
				GCC_WARN_UNUSED_VARIABLE = YES;
				MACOSX_DEPLOYMENT_TARGET = 26.0;
				MTL_ENABLE_DEBUG_INFO = NO;
				MTL_FAST_MATH = YES;
				SDKROOT = macosx;
				SWIFT_COMPILATION_MODE = wholemodule;
			};
			name = Release;
		};
		1000000000000000000000AD /* Debug */ = {
			isa = XCBuildConfiguration;
			buildSettings = {
				ASSETCATALOG_COMPILER_APPICON_NAME = AppIcon;
				ASSETCATALOG_COMPILER_GENERATE_SWIFT_ASSET_SYMBOL_EXTENSIONS = YES;
				ASSETCATALOG_COMPILER_GLOBAL_ACCENT_COLOR_NAME = AccentColor;
				CODE_SIGN_STYLE = Automatic;
				COMBINE_HIDPI_IMAGES = YES;
				CURRENT_PROJECT_VERSION = 1;
				ENABLE_HARDENED_RUNTIME = YES;
				ENABLE_PREVIEWS = YES;
				GENERATE_INFOPLIST_FILE = YES;
				INFOPLIST_KEY_LSApplicationCategoryType = "public.app-category.entertainment";
				INFOPLIST_KEY_NSHumanReadableCopyright = "";
				INFOPLIST_KEY_NSPrincipalClass = NSApplication;
				LD_RUNPATH_SEARCH_PATHS = (
					"$(inherited)",
					"@executable_path/../Frameworks",
				);
				MACOSX_DEPLOYMENT_TARGET = 26.0;
				MARKETING_VERSION = 1.0;
				PRODUCT_BUNDLE_IDENTIFIER = com.andyshanley.DadJoke;
				PRODUCT_NAME = "$(TARGET_NAME)";
				SWIFT_EMIT_LOC_STRINGS = YES;
				SWIFT_VERSION = 5.0;
			};
			name = Debug;
		};
		1000000000000000000000AE /* Release */ = {
			isa = XCBuildConfiguration;
			buildSettings = {
				ASSETCATALOG_COMPILER_APPICON_NAME = AppIcon;
				ASSETCATALOG_COMPILER_GENERATE_SWIFT_ASSET_SYMBOL_EXTENSIONS = YES;
				ASSETCATALOG_COMPILER_GLOBAL_ACCENT_COLOR_NAME = AccentColor;
				CODE_SIGN_STYLE = Automatic;
				COMBINE_HIDPI_IMAGES = YES;
				CURRENT_PROJECT_VERSION = 1;
				ENABLE_HARDENED_RUNTIME = YES;
				ENABLE_PREVIEWS = YES;
				GENERATE_INFOPLIST_FILE = YES;
				INFOPLIST_KEY_LSApplicationCategoryType = "public.app-category.entertainment";
				INFOPLIST_KEY_NSHumanReadableCopyright = "";
				INFOPLIST_KEY_NSPrincipalClass = NSApplication;
				LD_RUNPATH_SEARCH_PATHS = (
					"$(inherited)",
					"@executable_path/../Frameworks",
				);
				MACOSX_DEPLOYMENT_TARGET = 26.0;
				MARKETING_VERSION = 1.0;
				PRODUCT_BUNDLE_IDENTIFIER = com.andyshanley.DadJoke;
				PRODUCT_NAME = "$(TARGET_NAME)";
				SWIFT_EMIT_LOC_STRINGS = YES;
				SWIFT_VERSION = 5.0;
			};
			name = Release;
		};
/* End XCBuildConfiguration section */

/* Begin XCConfigurationList section */
		1000000000000000000000A9 /* Build configuration list for PBXProject "DadJoke" */ = {
			isa = XCConfigurationList;
			buildConfigurations = (
				1000000000000000000000AB /* Debug */,
				1000000000000000000000AC /* Release */,
			);
			defaultConfigurationIsVisible = 0;
			defaultConfigurationName = Release;
		};
		1000000000000000000000AA /* Build configuration list for PBXNativeTarget "DadJoke" */ = {
			isa = XCConfigurationList;
			buildConfigurations = (
				1000000000000000000000AD /* Debug */,
				1000000000000000000000AE /* Release */,
			);
			defaultConfigurationIsVisible = 0;
			defaultConfigurationName = Release;
		};
/* End XCConfigurationList section */
	};
	rootObject = 1000000000000000000000A0 /* Project object */;
}
